
Microsoft Visual Studio Solution File, Format Version 12.00
# Visual Studio Version 16
VisualStudioVersion = 16.0.30413.136
MinimumVisualStudioVersion = 10.0.40219.1
Project("{FAE04EC0-301F-11D3-BF4B-00C04F79EFBC}") = "Nyous", "Nyous.csproj", "{415F11D4-7977-444D-8050-B9CF1E1C4B89}"
EndProject
Global
	GlobalSection(SolutionConfigurationPlatforms) = preSolution
		Debug|Any CPU = Debug|Any CPU
		Release|Any CPU = Release|Any CPU
	EndGlobalSection
	GlobalSection(ProjectConfigurationPlatforms) = postSolution
		{415F11D4-7977-444D-8050-B9CF1E1C4B89}.Debug|Any CPU.ActiveCfg = Debug|Any CPU
		{415F11D4-7977-444D-8050-B9CF1E1C4B89}.Debug|Any CPU.Build.0 = Debug|Any CPU
		{415F11D4-7977-444D-8050-B9CF1E1C4B89}.Release|Any CPU.ActiveCfg = Release|Any CPU
		{415F11D4-7977-444D-8050-B9CF1E1C4B89}.Release|Any CPU.Build.0 = Release|Any CPU
	EndGlobalSection
	GlobalSection(SolutionProperties) = preSolution
		HideSolutionNode = FALSE
	EndGlobalSection
	GlobalSection(ExtensibilityGlobals) = postSolution
		SolutionGuid = {8FB3D5B5-CEDF-40DE-A065-3FBA3688C1ED}
	EndGlobalSection
EndGlobal
